// !$*UTF8*$!
{
	archiveVersion = 1;
	classes = {
	};
	objectVersion = 56;
	objects = {

/* Begin PBXBuildFile section */
		F77D9D422AA5120D00077587 /* AudioHelper.swift in Sources */ = {isa = PBXBuildFile; fileRef = F77D9D412AA5120D00077587 /* AudioHelper.swift */; };
		F77F8F8F2AA31E7200CC6AFE /* GlobalDatas.swift in Sources */ = {isa = PBXBuildFile; fileRef = F77F8F8E2AA31E7200CC6AFE /* GlobalDatas.swift */; };
		F77F8F922AA350C500CC6AFE /* PlayerStatisticsView.swift in Sources */ = {isa = PBXBuildFile; fileRef = F77F8F912AA350C500CC6AFE /* PlayerStatisticsView.swift */; };
		F77FB5072AA63D920012A702 /* Localization.swift in Sources */ = {isa = PBXBuildFile; fileRef = F77FB5062AA63D920012A702 /* Localization.swift */; };
		F7804E382A9F6859009E1F9F /* RegistrationView.swift in Sources */ = {isa = PBXBuildFile; fileRef = F7804E372A9F6859009E1F9F /* RegistrationView.swift */; };
		F7804E3B2A9F6911009E1F9F /* Player.swift in Sources */ = {isa = PBXBuildFile; fileRef = F7804E3A2A9F6911009E1F9F /* Player.swift */; };
		F7804E3E2A9F6951009E1F9F /* PlayerDataModel.swift in Sources */ = {isa = PBXBuildFile; fileRef = F7804E3D2A9F6951009E1F9F /* PlayerDataModel.swift */; };
		F7804E412A9F735F009E1F9F /* LeaderBoardView.swift in Sources */ = {isa = PBXBuildFile; fileRef = F7804E402A9F735F009E1F9F /* LeaderBoardView.swift */; };
		F7804E442A9F98E4009E1F9F /* Extensions.swift in Sources */ = {isa = PBXBuildFile; fileRef = F7804E432A9F98E4009E1F9F /* Extensions.swift */; };
		F78AD1EA2AA7E4B100341551 /* AchievementListView.swift in Sources */ = {isa = PBXBuildFile; fileRef = F78AD1E92AA7E4B100341551 /* AchievementListView.swift */; };
		F78B92742A9F0B790058B837 /* ThemeColorScheme.swift in Sources */ = {isa = PBXBuildFile; fileRef = F78B92732A9F0B790058B837 /* ThemeColorScheme.swift */; };
		F78BFD632A9DFF86002DA3F5 /* DoubleDashApp.swift in Sources */ = {isa = PBXBuildFile; fileRef = F78BFD622A9DFF86002DA3F5 /* DoubleDashApp.swift */; };
		F78BFD672A9DFF89002DA3F5 /* Assets.xcassets in Resources */ = {isa = PBXBuildFile; fileRef = F78BFD662A9DFF89002DA3F5 /* Assets.xcassets */; };
		F78BFD6A2A9DFF89002DA3F5 /* Preview Assets.xcassets in Resources */ = {isa = PBXBuildFile; fileRef = F78BFD692A9DFF89002DA3F5 /* Preview Assets.xcassets */; };
		F78BFD912A9E00B5002DA3F5 /* GameLogic.swift in Sources */ = {isa = PBXBuildFile; fileRef = F78BFD902A9E00B5002DA3F5 /* GameLogic.swift */; };
		F78BFD932A9E00CA002DA3F5 /* BlockMatrix.swift in Sources */ = {isa = PBXBuildFile; fileRef = F78BFD922A9E00CA002DA3F5 /* BlockMatrix.swift */; };
		F78BFD962A9E00E2002DA3F5 /* IdentifiedBlock.swift in Sources */ = {isa = PBXBuildFile; fileRef = F78BFD952A9E00E2002DA3F5 /* IdentifiedBlock.swift */; };
		F78BFD982A9E00F6002DA3F5 /* GameView.swift in Sources */ = {isa = PBXBuildFile; fileRef = F78BFD972A9E00F6002DA3F5 /* GameView.swift */; };
		F78BFD9A2A9E0116002DA3F5 /* BlockGridView.swift in Sources */ = {isa = PBXBuildFile; fileRef = F78BFD992A9E0116002DA3F5 /* BlockGridView.swift */; };
		F78BFD9F2A9E0136002DA3F5 /* BlockView.swift in Sources */ = {isa = PBXBuildFile; fileRef = F78BFD9E2A9E0136002DA3F5 /* BlockView.swift */; };
		F78BFDA12A9E01E2002DA3F5 /* FunctionalUtils.swift in Sources */ = {isa = PBXBuildFile; fileRef = F78BFDA02A9E01E2002DA3F5 /* FunctionalUtils.swift */; };
		F78BFDA32A9E01F5002DA3F5 /* SwiftUIExtensions.swift in Sources */ = {isa = PBXBuildFile; fileRef = F78BFDA22A9E01F5002DA3F5 /* SwiftUIExtensions.swift */; };
		F78BFDA72A9E0A54002DA3F5 /* BlockColorScheme.swift in Sources */ = {isa = PBXBuildFile; fileRef = F78BFDA62A9E0A54002DA3F5 /* BlockColorScheme.swift */; };
		F78BFDAB2A9E0A95002DA3F5 /* MenuView.swift in Sources */ = {isa = PBXBuildFile; fileRef = F78BFDAA2A9E0A95002DA3F5 /* MenuView.swift */; };
		F78BFDAD2A9E0AA6002DA3F5 /* DifficultySelectionView.swift in Sources */ = {isa = PBXBuildFile; fileRef = F78BFDAC2A9E0AA6002DA3F5 /* DifficultySelectionView.swift */; };
		F78CE6AC2AA0EEC4000E451A /* GlobalStates.swift in Sources */ = {isa = PBXBuildFile; fileRef = F78CE6AB2AA0EEC4000E451A /* GlobalStates.swift */; };
		F78CE6AF2AA12BC9000E451A /* Achievement.swift in Sources */ = {isa = PBXBuildFile; fileRef = F78CE6AE2AA12BC9000E451A /* Achievement.swift */; };
		F78CE6B32AA12F0C000E451A /* AchievementDataModel.swift in Sources */ = {isa = PBXBuildFile; fileRef = F78CE6B22AA12F0B000E451A /* AchievementDataModel.swift */; };
		F78F3C022AA492380061E3B8 /* SwiftUICharts in Frameworks */ = {isa = PBXBuildFile; productRef = F78F3C012AA492380061E3B8 /* SwiftUICharts */; };
		F78F3C082AA50FA50061E3B8 /* License.txt in Resources */ = {isa = PBXBuildFile; fileRef = F78F3C052AA50FA50061E3B8 /* License.txt */; };
		F78F3C092AA50FA60061E3B8 /* Add.mp3 in Resources */ = {isa = PBXBuildFile; fileRef = F78F3C062AA50FA50061E3B8 /* Add.mp3 */; };
		F78F3C0A2AA50FA60061E3B8 /* Merge.mp3 in Resources */ = {isa = PBXBuildFile; fileRef = F78F3C072AA50FA50061E3B8 /* Merge.mp3 */; };
		F7EB564B2AA5E636005ED22A /* GlobalSettings.swift in Sources */ = {isa = PBXBuildFile; fileRef = F7EB564A2AA5E636005ED22A /* GlobalSettings.swift */; };
/* End PBXBuildFile section */

/* Begin PBXContainerItemProxy section */
		F78BFD702A9DFF8A002DA3F5 /* PBXContainerItemProxy */ = {
			isa = PBXContainerItemProxy;
			containerPortal = F78BFD572A9DFF86002DA3F5 /* Project object */;
			proxyType = 1;
			remoteGlobalIDString = F78BFD5E2A9DFF86002DA3F5;
			remoteInfo = DoubleDash;
		};
		F78BFD7A2A9DFF8A002DA3F5 /* PBXContainerItemProxy */ = {
			isa = PBXContainerItemProxy;
			containerPortal = F78BFD572A9DFF86002DA3F5 /* Project object */;
			proxyType = 1;
			remoteGlobalIDString = F78BFD5E2A9DFF86002DA3F5;
			remoteInfo = DoubleDash;
		};
/* End PBXContainerItemProxy section */

/* Begin PBXFileReference section */
		F77D9D412AA5120D00077587 /* AudioHelper.swift */ = {isa = PBXFileReference; lastKnownFileType = sourcecode.swift; path = AudioHelper.swift; sourceTree = "<group>"; };
		F77F8F8E2AA31E7200CC6AFE /* GlobalDatas.swift */ = {isa = PBXFileReference; lastKnownFileType = sourcecode.swift; path = GlobalDatas.swift; sourceTree = "<group>"; };
		F77F8F912AA350C500CC6AFE /* PlayerStatisticsView.swift */ = {isa = PBXFileReference; lastKnownFileType = sourcecode.swift; path = PlayerStatisticsView.swift; sourceTree = "<group>"; };
		F77F8F962AA3D15100CC6AFE /* README.md */ = {isa = PBXFileReference; lastKnownFileType = net.daringfireball.markdown; path = README.md; sourceTree = "<group>"; };
		F77FB5062AA63D920012A702 /* Localization.swift */ = {isa = PBXFileReference; lastKnownFileType = sourcecode.swift; path = Localization.swift; sourceTree = "<group>"; };
		F7804E372A9F6859009E1F9F /* RegistrationView.swift */ = {isa = PBXFileReference; lastKnownFileType = sourcecode.swift; path = RegistrationView.swift; sourceTree = "<group>"; };
		F7804E3A2A9F6911009E1F9F /* Player.swift */ = {isa = PBXFileReference; lastKnownFileType = sourcecode.swift; path = Player.swift; sourceTree = "<group>"; };
		F7804E3D2A9F6951009E1F9F /* PlayerDataModel.swift */ = {isa = PBXFileReference; lastKnownFileType = sourcecode.swift; path = PlayerDataModel.swift; sourceTree = "<group>"; };
		F7804E402A9F735F009E1F9F /* LeaderBoardView.swift */ = {isa = PBXFileReference; lastKnownFileType = sourcecode.swift; path = LeaderBoardView.swift; sourceTree = "<group>"; };
		F7804E432A9F98E4009E1F9F /* Extensions.swift */ = {isa = PBXFileReference; lastKnownFileType = sourcecode.swift; path = Extensions.swift; sourceTree = "<group>"; };
		F78AD1E92AA7E4B100341551 /* AchievementListView.swift */ = {isa = PBXFileReference; lastKnownFileType = sourcecode.swift; path = AchievementListView.swift; sourceTree = "<group>"; };
		F78B92732A9F0B790058B837 /* ThemeColorScheme.swift */ = {isa = PBXFileReference; lastKnownFileType = sourcecode.swift; path = ThemeColorScheme.swift; sourceTree = "<group>"; };
		F78BFD5F2A9DFF86002DA3F5 /* DoubleDash.app */ = {isa = PBXFileReference; explicitFileType = wrapper.application; includeInIndex = 0; path = DoubleDash.app; sourceTree = BUILT_PRODUCTS_DIR; };
		F78BFD622A9DFF86002DA3F5 /* DoubleDashApp.swift */ = {isa = PBXFileReference; lastKnownFileType = sourcecode.swift; path = DoubleDashApp.swift; sourceTree = "<group>"; };
		F78BFD662A9DFF89002DA3F5 /* Assets.xcassets */ = {isa = PBXFileReference; lastKnownFileType = folder.assetcatalog; path = Assets.xcassets; sourceTree = "<group>"; };
		F78BFD692A9DFF89002DA3F5 /* Preview Assets.xcassets */ = {isa = PBXFileReference; lastKnownFileType = folder.assetcatalog; path = "Preview Assets.xcassets"; sourceTree = "<group>"; };
		F78BFD6F2A9DFF8A002DA3F5 /* DoubleDashTests.xctest */ = {isa = PBXFileReference; explicitFileType = wrapper.cfbundle; includeInIndex = 0; path = DoubleDashTests.xctest; sourceTree = BUILT_PRODUCTS_DIR; };
		F78BFD792A9DFF8A002DA3F5 /* DoubleDashUITests.xctest */ = {isa = PBXFileReference; explicitFileType = wrapper.cfbundle; includeInIndex = 0; path = DoubleDashUITests.xctest; sourceTree = BUILT_PRODUCTS_DIR; };
		F78BFD902A9E00B5002DA3F5 /* GameLogic.swift */ = {isa = PBXFileReference; lastKnownFileType = sourcecode.swift; path = GameLogic.swift; sourceTree = "<group>"; };
		F78BFD922A9E00CA002DA3F5 /* BlockMatrix.swift */ = {isa = PBXFileReference; lastKnownFileType = sourcecode.swift; path = BlockMatrix.swift; sourceTree = "<group>"; };
		F78BFD952A9E00E2002DA3F5 /* IdentifiedBlock.swift */ = {isa = PBXFileReference; lastKnownFileType = sourcecode.swift; path = IdentifiedBlock.swift; sourceTree = "<group>"; };
		F78BFD972A9E00F6002DA3F5 /* GameView.swift */ = {isa = PBXFileReference; lastKnownFileType = sourcecode.swift; path = GameView.swift; sourceTree = "<group>"; };
		F78BFD992A9E0116002DA3F5 /* BlockGridView.swift */ = {isa = PBXFileReference; lastKnownFileType = sourcecode.swift; path = BlockGridView.swift; sourceTree = "<group>"; };
		F78BFD9E2A9E0136002DA3F5 /* BlockView.swift */ = {isa = PBXFileReference; lastKnownFileType = sourcecode.swift; path = BlockView.swift; sourceTree = "<group>"; };
		F78BFDA02A9E01E2002DA3F5 /* FunctionalUtils.swift */ = {isa = PBXFileReference; lastKnownFileType = sourcecode.swift; path = FunctionalUtils.swift; sourceTree = "<group>"; };
		F78BFDA22A9E01F5002DA3F5 /* SwiftUIExtensions.swift */ = {isa = PBXFileReference; lastKnownFileType = sourcecode.swift; path = SwiftUIExtensions.swift; sourceTree = "<group>"; };
		F78BFDA62A9E0A54002DA3F5 /* BlockColorScheme.swift */ = {isa = PBXFileReference; lastKnownFileType = sourcecode.swift; path = BlockColorScheme.swift; sourceTree = "<group>"; };
		F78BFDAA2A9E0A95002DA3F5 /* MenuView.swift */ = {isa = PBXFileReference; lastKnownFileType = sourcecode.swift; path = MenuView.swift; sourceTree = "<group>"; };
		F78BFDAC2A9E0AA6002DA3F5 /* DifficultySelectionView.swift */ = {isa = PBXFileReference; lastKnownFileType = sourcecode.swift; path = DifficultySelectionView.swift; sourceTree = "<group>"; };
		F78CE6AB2AA0EEC4000E451A /* GlobalStates.swift */ = {isa = PBXFileReference; lastKnownFileType = sourcecode.swift; path = GlobalStates.swift; sourceTree = "<group>"; };
		F78CE6AE2AA12BC9000E451A /* Achievement.swift */ = {isa = PBXFileReference; lastKnownFileType = sourcecode.swift; path = Achievement.swift; sourceTree = "<group>"; };
		F78CE6B22AA12F0B000E451A /* AchievementDataModel.swift */ = {isa = PBXFileReference; lastKnownFileType = sourcecode.swift; path = AchievementDataModel.swift; sourceTree = "<group>"; };
		F78F3C052AA50FA50061E3B8 /* License.txt */ = {isa = PBXFileReference; fileEncoding = 4; lastKnownFileType = text; path = License.txt; sourceTree = "<group>"; };
		F78F3C062AA50FA50061E3B8 /* Add.mp3 */ = {isa = PBXFileReference; lastKnownFileType = audio.mp3; path = Add.mp3; sourceTree = "<group>"; };
		F78F3C072AA50FA50061E3B8 /* Merge.mp3 */ = {isa = PBXFileReference; lastKnownFileType = audio.mp3; path = Merge.mp3; sourceTree = "<group>"; };
		F7EB564A2AA5E636005ED22A /* GlobalSettings.swift */ = {isa = PBXFileReference; lastKnownFileType = sourcecode.swift; path = GlobalSettings.swift; sourceTree = "<group>"; };
/* End PBXFileReference section */

/* Begin PBXFrameworksBuildPhase section */
		F78BFD5C2A9DFF86002DA3F5 /* Frameworks */ = {
			isa = PBXFrameworksBuildPhase;
			buildActionMask = 2147483647;
			files = (
				F78F3C022AA492380061E3B8 /* SwiftUICharts in Frameworks */,
			);
			runOnlyForDeploymentPostprocessing = 0;
		};
		F78BFD6C2A9DFF8A002DA3F5 /* Frameworks */ = {
			isa = PBXFrameworksBuildPhase;
			buildActionMask = 2147483647;
			files = (
			);
			runOnlyForDeploymentPostprocessing = 0;
		};
		F78BFD762A9DFF8A002DA3F5 /* Frameworks */ = {
			isa = PBXFrameworksBuildPhase;
			buildActionMask = 2147483647;
			files = (
			);
			runOnlyForDeploymentPostprocessing = 0;
		};
/* End PBXFrameworksBuildPhase section */

/* Begin PBXGroup section */
		F77F8F902AA34E4A00CC6AFE /* DifficultySelectionView */ = {
			isa = PBXGroup;
			children = (
				F78BFDAC2A9E0AA6002DA3F5 /* DifficultySelectionView.swift */,
			);
			path = DifficultySelectionView;
			sourceTree = "<group>";
		};
		F7804E362A9F6800009E1F9F /* RegistrationView */ = {
			isa = PBXGroup;
			children = (
				F7804E372A9F6859009E1F9F /* RegistrationView.swift */,
			);
			path = RegistrationView;
			sourceTree = "<group>";
		};
		F7804E392A9F68FF009E1F9F /* PlayerModel */ = {
			isa = PBXGroup;
			children = (
				F7804E3A2A9F6911009E1F9F /* Player.swift */,
				F7804E3D2A9F6951009E1F9F /* PlayerDataModel.swift */,
			);
			path = PlayerModel;
			sourceTree = "<group>";
		};
		F7804E3C2A9F6924009E1F9F /* GameModel */ = {
			isa = PBXGroup;
			children = (
				F78BFD952A9E00E2002DA3F5 /* IdentifiedBlock.swift */,
				F78BFD922A9E00CA002DA3F5 /* BlockMatrix.swift */,
				F78BFD902A9E00B5002DA3F5 /* GameLogic.swift */,
			);
			path = GameModel;
			sourceTree = "<group>";
		};
		F7804E3F2A9F7335009E1F9F /* LeaderBoardView */ = {
			isa = PBXGroup;
			children = (
				F7804E402A9F735F009E1F9F /* LeaderBoardView.swift */,
				F77F8F912AA350C500CC6AFE /* PlayerStatisticsView.swift */,
				F78AD1E92AA7E4B100341551 /* AchievementListView.swift */,
			);
			path = LeaderBoardView;
			sourceTree = "<group>";
		};
		F7804E422A9F98CF009E1F9F /* Extensions */ = {
			isa = PBXGroup;
			children = (
				F7804E432A9F98E4009E1F9F /* Extensions.swift */,
			);
			path = Extensions;
			sourceTree = "<group>";
		};
		F78BFD562A9DFF86002DA3F5 = {
			isa = PBXGroup;
			children = (
				F77F8F962AA3D15100CC6AFE /* README.md */,
				F78BFD612A9DFF86002DA3F5 /* DoubleDash */,
				F78BFD602A9DFF86002DA3F5 /* Products */,
			);
			sourceTree = "<group>";
		};
		F78BFD602A9DFF86002DA3F5 /* Products */ = {
			isa = PBXGroup;
			children = (
				F78BFD5F2A9DFF86002DA3F5 /* DoubleDash.app */,
				F78BFD6F2A9DFF8A002DA3F5 /* DoubleDashTests.xctest */,
				F78BFD792A9DFF8A002DA3F5 /* DoubleDashUITests.xctest */,
			);
			name = Products;
			sourceTree = "<group>";
		};
		F78BFD612A9DFF86002DA3F5 /* DoubleDash */ = {
			isa = PBXGroup;
			children = (
				F78BFD622A9DFF86002DA3F5 /* DoubleDashApp.swift */,
				F78F3C032AA50F860061E3B8 /* Assets */,
				F7804E422A9F98CF009E1F9F /* Extensions */,
				F78BFDA42A9E087B002DA3F5 /* Utils */,
				F78CE6AA2AA0EE0B000E451A /* Helpers */,
				F78BFD8D2A9E0065002DA3F5 /* Views */,
				F78BFD8C2A9E0055002DA3F5 /* Models */,
				F78BFD662A9DFF89002DA3F5 /* Assets.xcassets */,
				F78BFD682A9DFF89002DA3F5 /* Preview Content */,
			);
			path = DoubleDash;
			sourceTree = "<group>";
		};
		F78BFD682A9DFF89002DA3F5 /* Preview Content */ = {
			isa = PBXGroup;
			children = (
				F78BFD692A9DFF89002DA3F5 /* Preview Assets.xcassets */,
			);
			path = "Preview Content";
			sourceTree = "<group>";
		};
		F78BFD8C2A9E0055002DA3F5 /* Models */ = {
			isa = PBXGroup;
			children = (
				F7804E3C2A9F6924009E1F9F /* GameModel */,
				F7804E392A9F68FF009E1F9F /* PlayerModel */,
				F78CE6AD2AA12BA2000E451A /* AchievementModel */,
			);
			path = Models;
			sourceTree = "<group>";
		};
		F78BFD8D2A9E0065002DA3F5 /* Views */ = {
			isa = PBXGroup;
			children = (
				F78BFDA82A9E0A72002DA3F5 /* MenuView */,
				F77F8F902AA34E4A00CC6AFE /* DifficultySelectionView */,
				F7804E362A9F6800009E1F9F /* RegistrationView */,
				F7804E3F2A9F7335009E1F9F /* LeaderBoardView */,
				F78BFDA92A9E0A7C002DA3F5 /* GameView */,
			);
			path = Views;
			sourceTree = "<group>";
		};
		F78BFDA42A9E087B002DA3F5 /* Utils */ = {
			isa = PBXGroup;
			children = (
				F78BFDA02A9E01E2002DA3F5 /* FunctionalUtils.swift */,
				F78BFDA22A9E01F5002DA3F5 /* SwiftUIExtensions.swift */,
			);
			path = Utils;
			sourceTree = "<group>";
		};
		F78BFDA52A9E0896002DA3F5 /* ColorSchemes */ = {
			isa = PBXGroup;
			children = (
				F78BFDA62A9E0A54002DA3F5 /* BlockColorScheme.swift */,
				F78B92732A9F0B790058B837 /* ThemeColorScheme.swift */,
			);
			path = ColorSchemes;
			sourceTree = "<group>";
		};
		F78BFDA82A9E0A72002DA3F5 /* MenuView */ = {
			isa = PBXGroup;
			children = (
				F78BFDAA2A9E0A95002DA3F5 /* MenuView.swift */,
			);
			path = MenuView;
			sourceTree = "<group>";
		};
		F78BFDA92A9E0A7C002DA3F5 /* GameView */ = {
			isa = PBXGroup;
			children = (
				F78BFD9E2A9E0136002DA3F5 /* BlockView.swift */,
				F78BFD992A9E0116002DA3F5 /* BlockGridView.swift */,
				F78BFD972A9E00F6002DA3F5 /* GameView.swift */,
			);
			path = GameView;
			sourceTree = "<group>";
		};
		F78CE6AA2AA0EE0B000E451A /* Helpers */ = {
			isa = PBXGroup;
			children = (
				F78CE6AB2AA0EEC4000E451A /* GlobalStates.swift */,
				F77F8F8E2AA31E7200CC6AFE /* GlobalDatas.swift */,
				F7EB564A2AA5E636005ED22A /* GlobalSettings.swift */,
				F77D9D412AA5120D00077587 /* AudioHelper.swift */,
				F77FB5062AA63D920012A702 /* Localization.swift */,
				F78BFDA52A9E0896002DA3F5 /* ColorSchemes */,
			);
			path = Helpers;
			sourceTree = "<group>";
		};
		F78CE6AD2AA12BA2000E451A /* AchievementModel */ = {
			isa = PBXGroup;
			children = (
				F78CE6AE2AA12BC9000E451A /* Achievement.swift */,
				F78CE6B22AA12F0B000E451A /* AchievementDataModel.swift */,
			);
			path = AchievementModel;
			sourceTree = "<group>";
		};
		F78F3C032AA50F860061E3B8 /* Assets */ = {
			isa = PBXGroup;
			children = (
				F78F3C042AA50F910061E3B8 /* Audio */,
			);
			path = Assets;
			sourceTree = "<group>";
		};
		F78F3C042AA50F910061E3B8 /* Audio */ = {
			isa = PBXGroup;
			children = (
				F78F3C062AA50FA50061E3B8 /* Add.mp3 */,
				F78F3C052AA50FA50061E3B8 /* License.txt */,
				F78F3C072AA50FA50061E3B8 /* Merge.mp3 */,
			);
			path = Audio;
			sourceTree = "<group>";
		};
/* End PBXGroup section */

/* Begin PBXNativeTarget section */
		F78BFD5E2A9DFF86002DA3F5 /* DoubleDash */ = {
			isa = PBXNativeTarget;
			buildConfigurationList = F78BFD832A9DFF8A002DA3F5 /* Build configuration list for PBXNativeTarget "DoubleDash" */;
			buildPhases = (
				F78BFD5B2A9DFF86002DA3F5 /* Sources */,
				F78BFD5C2A9DFF86002DA3F5 /* Frameworks */,
				F78BFD5D2A9DFF86002DA3F5 /* Resources */,
			);
			buildRules = (
			);
			dependencies = (
			);
			name = DoubleDash;
			packageProductDependencies = (
				F78F3C012AA492380061E3B8 /* SwiftUICharts */,
			);
			productName = DoubleDash;
			productReference = F78BFD5F2A9DFF86002DA3F5 /* DoubleDash.app */;
			productType = "com.apple.product-type.application";
		};
		F78BFD6E2A9DFF8A002DA3F5 /* DoubleDashTests */ = {
			isa = PBXNativeTarget;
			buildConfigurationList = F78BFD862A9DFF8A002DA3F5 /* Build configuration list for PBXNativeTarget "DoubleDashTests" */;
			buildPhases = (
				F78BFD6B2A9DFF8A002DA3F5 /* Sources */,
				F78BFD6C2A9DFF8A002DA3F5 /* Frameworks */,
				F78BFD6D2A9DFF8A002DA3F5 /* Resources */,
			);
			buildRules = (
			);
			dependencies = (
				F78BFD712A9DFF8A002DA3F5 /* PBXTargetDependency */,
			);
			name = DoubleDashTests;
			productName = DoubleDashTests;
			productReference = F78BFD6F2A9DFF8A002DA3F5 /* DoubleDashTests.xctest */;
			productType = "com.apple.product-type.bundle.unit-test";
		};
		F78BFD782A9DFF8A002DA3F5 /* DoubleDashUITests */ = {
			isa = PBXNativeTarget;
			buildConfigurationList = F78BFD892A9DFF8A002DA3F5 /* Build configuration list for PBXNativeTarget "DoubleDashUITests" */;
			buildPhases = (
				F78BFD752A9DFF8A002DA3F5 /* Sources */,
				F78BFD762A9DFF8A002DA3F5 /* Frameworks */,
				F78BFD772A9DFF8A002DA3F5 /* Resources */,
			);
			buildRules = (
			);
			dependencies = (
				F78BFD7B2A9DFF8A002DA3F5 /* PBXTargetDependency */,
			);
			name = DoubleDashUITests;
			productName = DoubleDashUITests;
			productReference = F78BFD792A9DFF8A002DA3F5 /* DoubleDashUITests.xctest */;
			productType = "com.apple.product-type.bundle.ui-testing";
		};
/* End PBXNativeTarget section */

/* Begin PBXProject section */
		F78BFD572A9DFF86002DA3F5 /* Project object */ = {
			isa = PBXProject;
			attributes = {
				BuildIndependentTargetsInParallel = 1;
				LastSwiftUpdateCheck = 1430;
				LastUpgradeCheck = 1430;
				TargetAttributes = {
					F78BFD5E2A9DFF86002DA3F5 = {
						CreatedOnToolsVersion = 14.3.1;
					};
					F78BFD6E2A9DFF8A002DA3F5 = {
						CreatedOnToolsVersion = 14.3.1;
						TestTargetID = F78BFD5E2A9DFF86002DA3F5;
					};
					F78BFD782A9DFF8A002DA3F5 = {
						CreatedOnToolsVersion = 14.3.1;
						TestTargetID = F78BFD5E2A9DFF86002DA3F5;
					};
				};
			};
			buildConfigurationList = F78BFD5A2A9DFF86002DA3F5 /* Build configuration list for PBXProject "DoubleDash" */;
			compatibilityVersion = "Xcode 14.0";
			developmentRegion = en;
			hasScannedForEncodings = 0;
			knownRegions = (
				en,
				Base,
				vi,
			);
			mainGroup = F78BFD562A9DFF86002DA3F5;
			packageReferences = (
				F78F3C002AA492380061E3B8 /* XCRemoteSwiftPackageReference "ChartView" */,
			);
			productRefGroup = F78BFD602A9DFF86002DA3F5 /* Products */;
			projectDirPath = "";
			projectRoot = "";
			targets = (
				F78BFD5E2A9DFF86002DA3F5 /* DoubleDash */,
				F78BFD6E2A9DFF8A002DA3F5 /* DoubleDashTests */,
				F78BFD782A9DFF8A002DA3F5 /* DoubleDashUITests */,
			);
		};
/* End PBXProject section */

/* Begin PBXResourcesBuildPhase section */
		F78BFD5D2A9DFF86002DA3F5 /* Resources */ = {
			isa = PBXResourcesBuildPhase;
			buildActionMask = 2147483647;
			files = (
				F78BFD6A2A9DFF89002DA3F5 /* Preview Assets.xcassets in Resources */,
				F78BFD672A9DFF89002DA3F5 /* Assets.xcassets in Resources */,
				F78F3C092AA50FA60061E3B8 /* Add.mp3 in Resources */,
				F78F3C082AA50FA50061E3B8 /* License.txt in Resources */,
				F78F3C0A2AA50FA60061E3B8 /* Merge.mp3 in Resources */,
			);
			runOnlyForDeploymentPostprocessing = 0;
		};
		F78BFD6D2A9DFF8A002DA3F5 /* Resources */ = {
			isa = PBXResourcesBuildPhase;
			buildActionMask = 2147483647;
			files = (
			);
			runOnlyForDeploymentPostprocessing = 0;
		};
		F78BFD772A9DFF8A002DA3F5 /* Resources */ = {
			isa = PBXResourcesBuildPhase;
			buildActionMask = 2147483647;
			files = (
			);
			runOnlyForDeploymentPostprocessing = 0;
		};
/* End PBXResourcesBuildPhase section */

/* Begin PBXSourcesBuildPhase section */
		F78BFD5B2A9DFF86002DA3F5 /* Sources */ = {
			isa = PBXSourcesBuildPhase;
			buildActionMask = 2147483647;
			files = (
				F78AD1EA2AA7E4B100341551 /* AchievementListView.swift in Sources */,
				F78BFDA32A9E01F5002DA3F5 /* SwiftUIExtensions.swift in Sources */,
				F7804E442A9F98E4009E1F9F /* Extensions.swift in Sources */,
				F78CE6AC2AA0EEC4000E451A /* GlobalStates.swift in Sources */,
				F78BFD9A2A9E0116002DA3F5 /* BlockGridView.swift in Sources */,
				F77F8F8F2AA31E7200CC6AFE /* GlobalDatas.swift in Sources */,
				F78BFDA72A9E0A54002DA3F5 /* BlockColorScheme.swift in Sources */,
				F77D9D422AA5120D00077587 /* AudioHelper.swift in Sources */,
				F7804E412A9F735F009E1F9F /* LeaderBoardView.swift in Sources */,
				F7804E382A9F6859009E1F9F /* RegistrationView.swift in Sources */,
				F78B92742A9F0B790058B837 /* ThemeColorScheme.swift in Sources */,
				F78CE6B32AA12F0C000E451A /* AchievementDataModel.swift in Sources */,
				F7804E3E2A9F6951009E1F9F /* PlayerDataModel.swift in Sources */,
				F78CE6AF2AA12BC9000E451A /* Achievement.swift in Sources */,
				F78BFD962A9E00E2002DA3F5 /* IdentifiedBlock.swift in Sources */,
				F78BFDAD2A9E0AA6002DA3F5 /* DifficultySelectionView.swift in Sources */,
				F77F8F922AA350C500CC6AFE /* PlayerStatisticsView.swift in Sources */,
				F78BFD912A9E00B5002DA3F5 /* GameLogic.swift in Sources */,
				F78BFD632A9DFF86002DA3F5 /* DoubleDashApp.swift in Sources */,
				F78BFDA12A9E01E2002DA3F5 /* FunctionalUtils.swift in Sources */,
				F7EB564B2AA5E636005ED22A /* GlobalSettings.swift in Sources */,
				F78BFDAB2A9E0A95002DA3F5 /* MenuView.swift in Sources */,
				F78BFD9F2A9E0136002DA3F5 /* BlockView.swift in Sources */,
				F77FB5072AA63D920012A702 /* Localization.swift in Sources */,
				F78BFD932A9E00CA002DA3F5 /* BlockMatrix.swift in Sources */,
				F7804E3B2A9F6911009E1F9F /* Player.swift in Sources */,
				F78BFD982A9E00F6002DA3F5 /* GameView.swift in Sources */,
			);
			runOnlyForDeploymentPostprocessing = 0;
		};
		F78BFD6B2A9DFF8A002DA3F5 /* Sources */ = {
			isa = PBXSourcesBuildPhase;
			buildActionMask = 2147483647;
			files = (
			);
			runOnlyForDeploymentPostprocessing = 0;
		};
		F78BFD752A9DFF8A002DA3F5 /* Sources */ = {
			isa = PBXSourcesBuildPhase;
			buildActionMask = 2147483647;
			files = (
			);
			runOnlyForDeploymentPostprocessing = 0;
		};
/* End PBXSourcesBuildPhase section */

/* Begin PBXTargetDependency section */
		F78BFD712A9DFF8A002DA3F5 /* PBXTargetDependency */ = {
			isa = PBXTargetDependency;
			target = F78BFD5E2A9DFF86002DA3F5 /* DoubleDash */;
			targetProxy = F78BFD702A9DFF8A002DA3F5 /* PBXContainerItemProxy */;
		};
		F78BFD7B2A9DFF8A002DA3F5 /* PBXTargetDependency */ = {
			isa = PBXTargetDependency;
			target = F78BFD5E2A9DFF86002DA3F5 /* DoubleDash */;
			targetProxy = F78BFD7A2A9DFF8A002DA3F5 /* PBXContainerItemProxy */;
		};
/* End PBXTargetDependency section */

/* Begin XCBuildConfiguration section */
		F78BFD812A9DFF8A002DA3F5 /* Debug */ = {
			isa = XCBuildConfiguration;
			buildSettings = {
				ALWAYS_SEARCH_USER_PATHS = NO;
				CLANG_ANALYZER_NONNULL = YES;
				CLANG_ANALYZER_NUMBER_OBJECT_CONVERSION = YES_AGGRESSIVE;
				CLANG_CXX_LANGUAGE_STANDARD = "gnu++20";
				CLANG_ENABLE_MODULES = YES;
				CLANG_ENABLE_OBJC_ARC = YES;
				CLANG_ENABLE_OBJC_WEAK = YES;
				CLANG_WARN_BLOCK_CAPTURE_AUTORELEASING = YES;
				CLANG_WARN_BOOL_CONVERSION = YES;
				CLANG_WARN_COMMA = YES;
				CLANG_WARN_CONSTANT_CONVERSION = YES;
				CLANG_WARN_DEPRECATED_OBJC_IMPLEMENTATIONS = YES;
				CLANG_WARN_DIRECT_OBJC_ISA_USAGE = YES_ERROR;
				CLANG_WARN_DOCUMENTATION_COMMENTS = YES;
				CLANG_WARN_EMPTY_BODY = YES;
				CLANG_WARN_ENUM_CONVERSION = YES;
				CLANG_WARN_INFINITE_RECURSION = YES;
				CLANG_WARN_INT_CONVERSION = YES;
				CLANG_WARN_NON_LITERAL_NULL_CONVERSION = YES;
				CLANG_WARN_OBJC_IMPLICIT_RETAIN_SELF = YES;
				CLANG_WARN_OBJC_LITERAL_CONVERSION = YES;
				CLANG_WARN_OBJC_ROOT_CLASS = YES_ERROR;
				CLANG_WARN_QUOTED_INCLUDE_IN_FRAMEWORK_HEADER = YES;
				CLANG_WARN_RANGE_LOOP_ANALYSIS = YES;
				CLANG_WARN_STRICT_PROTOTYPES = YES;
				CLANG_WARN_SUSPICIOUS_MOVE = YES;
				CLANG_WARN_UNGUARDED_AVAILABILITY = YES_AGGRESSIVE;
				CLANG_WARN_UNREACHABLE_CODE = YES;
				CLANG_WARN__DUPLICATE_METHOD_MATCH = YES;
				COPY_PHASE_STRIP = NO;
				DEBUG_INFORMATION_FORMAT = dwarf;
				ENABLE_STRICT_OBJC_MSGSEND = YES;
				ENABLE_TESTABILITY = YES;
				GCC_C_LANGUAGE_STANDARD = gnu11;
				GCC_DYNAMIC_NO_PIC = NO;
				GCC_NO_COMMON_BLOCKS = YES;
				GCC_OPTIMIZATION_LEVEL = 0;
				GCC_PREPROCESSOR_DEFINITIONS = (
					"DEBUG=1",
					"$(inherited)",
				);
				GCC_WARN_64_TO_32_BIT_CONVERSION = YES;
				GCC_WARN_ABOUT_RETURN_TYPE = YES_ERROR;
				GCC_WARN_UNDECLARED_SELECTOR = YES;
				GCC_WARN_UNINITIALIZED_AUTOS = YES_AGGRESSIVE;
				GCC_WARN_UNUSED_FUNCTION = YES;
				GCC_WARN_UNUSED_VARIABLE = YES;
				IPHONEOS_DEPLOYMENT_TARGET = 16.4;
				MTL_ENABLE_DEBUG_INFO = INCLUDE_SOURCE;
				MTL_FAST_MATH = YES;
				ONLY_ACTIVE_ARCH = YES;
				SDKROOT = iphoneos;
				SWIFT_ACTIVE_COMPILATION_CONDITIONS = DEBUG;
				SWIFT_OPTIMIZATION_LEVEL = "-Onone";
			};
			name = Debug;
		};
		F78BFD822A9DFF8A002DA3F5 /* Release */ = {
			isa = XCBuildConfiguration;
			buildSettings = {
				ALWAYS_SEARCH_USER_PATHS = NO;
				CLANG_ANALYZER_NONNULL = YES;
				CLANG_ANALYZER_NUMBER_OBJECT_CONVERSION = YES_AGGRESSIVE;
				CLANG_CXX_LANGUAGE_STANDARD = "gnu++20";
				CLANG_ENABLE_MODULES = YES;
				CLANG_ENABLE_OBJC_ARC = YES;
				CLANG_ENABLE_OBJC_WEAK = YES;
				CLANG_WARN_BLOCK_CAPTURE_AUTORELEASING = YES;
				CLANG_WARN_BOOL_CONVERSION = YES;
				CLANG_WARN_COMMA = YES;
				CLANG_WARN_CONSTANT_CONVERSION = YES;
				CLANG_WARN_DEPRECATED_OBJC_IMPLEMENTATIONS = YES;
				CLANG_WARN_DIRECT_OBJC_ISA_USAGE = YES_ERROR;
				CLANG_WARN_DOCUMENTATION_COMMENTS = YES;
				CLANG_WARN_EMPTY_BODY = YES;
				CLANG_WARN_ENUM_CONVERSION = YES;
				CLANG_WARN_INFINITE_RECURSION = YES;
				CLANG_WARN_INT_CONVERSION = YES;
				CLANG_WARN_NON_LITERAL_NULL_CONVERSION = YES;
				CLANG_WARN_OBJC_IMPLICIT_RETAIN_SELF = YES;
				CLANG_WARN_OBJC_LITERAL_CONVERSION = YES;
				CLANG_WARN_OBJC_ROOT_CLASS = YES_ERROR;
				CLANG_WARN_QUOTED_INCLUDE_IN_FRAMEWORK_HEADER = YES;
				CLANG_WARN_RANGE_LOOP_ANALYSIS = YES;
				CLANG_WARN_STRICT_PROTOTYPES = YES;
				CLANG_WARN_SUSPICIOUS_MOVE = YES;
				CLANG_WARN_UNGUARDED_AVAILABILITY = YES_AGGRESSIVE;
				CLANG_WARN_UNREACHABLE_CODE = YES;
				CLANG_WARN__DUPLICATE_METHOD_MATCH = YES;
				COPY_PHASE_STRIP = NO;
				DEBUG_INFORMATION_FORMAT = "dwarf-with-dsym";
				ENABLE_NS_ASSERTIONS = NO;
				ENABLE_STRICT_OBJC_MSGSEND = YES;
				GCC_C_LANGUAGE_STANDARD = gnu11;
				GCC_NO_COMMON_BLOCKS = YES;
				GCC_WARN_64_TO_32_BIT_CONVERSION = YES;
				GCC_WARN_ABOUT_RETURN_TYPE = YES_ERROR;
				GCC_WARN_UNDECLARED_SELECTOR = YES;
				GCC_WARN_UNINITIALIZED_AUTOS = YES_AGGRESSIVE;
				GCC_WARN_UNUSED_FUNCTION = YES;
				GCC_WARN_UNUSED_VARIABLE = YES;
				IPHONEOS_DEPLOYMENT_TARGET = 16.4;
				MTL_ENABLE_DEBUG_INFO = NO;
				MTL_FAST_MATH = YES;
				SDKROOT = iphoneos;
				SWIFT_COMPILATION_MODE = wholemodule;
				SWIFT_OPTIMIZATION_LEVEL = "-O";
				VALIDATE_PRODUCT = YES;
			};
			name = Release;
		};
		F78BFD842A9DFF8A002DA3F5 /* Debug */ = {
			isa = XCBuildConfiguration;
			buildSettings = {
				ASSETCATALOG_COMPILER_APPICON_NAME = AppIcon;
				ASSETCATALOG_COMPILER_GLOBAL_ACCENT_COLOR_NAME = AccentColor;
				CODE_SIGN_STYLE = Automatic;
				CURRENT_PROJECT_VERSION = 1;
				DEVELOPMENT_ASSET_PATHS = "\"DoubleDash/Preview Content\"";
				ENABLE_PREVIEWS = YES;
				GENERATE_INFOPLIST_FILE = YES;
				INFOPLIST_KEY_UIApplicationSceneManifest_Generation = YES;
				INFOPLIST_KEY_UIApplicationSupportsIndirectInputEvents = YES;
				INFOPLIST_KEY_UILaunchScreen_Generation = YES;
				INFOPLIST_KEY_UISupportedInterfaceOrientations_iPad = "UIInterfaceOrientationPortrait UIInterfaceOrientationPortraitUpsideDown UIInterfaceOrientationLandscapeLeft UIInterfaceOrientationLandscapeRight";
				INFOPLIST_KEY_UISupportedInterfaceOrientations_iPhone = "UIInterfaceOrientationPortrait UIInterfaceOrientationLandscapeLeft UIInterfaceOrientationLandscapeRight";
				LD_RUNPATH_SEARCH_PATHS = (
					"$(inherited)",
					"@executable_path/Frameworks",
				);
				MARKETING_VERSION = 1.0;
				PRODUCT_BUNDLE_IDENTIFIER = vn.edu.rmit.DoubleDash;
				PRODUCT_NAME = "$(TARGET_NAME)";
				SWIFT_EMIT_LOC_STRINGS = YES;
				SWIFT_VERSION = 5.0;
				TARGETED_DEVICE_FAMILY = "1,2";
			};
			name = Debug;
		};
		F78BFD852A9DFF8A002DA3F5 /* Release */ = {
			isa = XCBuildConfiguration;
			buildSettings = {
				ASSETCATALOG_COMPILER_APPICON_NAME = AppIcon;
				ASSETCATALOG_COMPILER_GLOBAL_ACCENT_COLOR_NAME = AccentColor;
				CODE_SIGN_STYLE = Automatic;
				CURRENT_PROJECT_VERSION = 1;
				DEVELOPMENT_ASSET_PATHS = "\"DoubleDash/Preview Content\"";
				ENABLE_PREVIEWS = YES;
				GENERATE_INFOPLIST_FILE = YES;
				INFOPLIST_KEY_UIApplicationSceneManifest_Generation = YES;
				INFOPLIST_KEY_UIApplicationSupportsIndirectInputEvents = YES;
				INFOPLIST_KEY_UILaunchScreen_Generation = YES;
				INFOPLIST_KEY_UISupportedInterfaceOrientations_iPad = "UIInterfaceOrientationPortrait UIInterfaceOrientationPortraitUpsideDown UIInterfaceOrientationLandscapeLeft UIInterfaceOrientationLandscapeRight";
				INFOPLIST_KEY_UISupportedInterfaceOrientations_iPhone = "UIInterfaceOrientationPortrait UIInterfaceOrientationLandscapeLeft UIInterfaceOrientationLandscapeRight";
				LD_RUNPATH_SEARCH_PATHS = (
					"$(inherited)",
					"@executable_path/Frameworks",
				);
				MARKETING_VERSION = 1.0;
				PRODUCT_BUNDLE_IDENTIFIER = vn.edu.rmit.DoubleDash;
				PRODUCT_NAME = "$(TARGET_NAME)";
				SWIFT_EMIT_LOC_STRINGS = YES;
				SWIFT_VERSION = 5.0;
				TARGETED_DEVICE_FAMILY = "1,2";
			};
			name = Release;
		};
		F78BFD872A9DFF8A002DA3F5 /* Debug */ = {
			isa = XCBuildConfiguration;
			buildSettings = {
				ALWAYS_EMBED_SWIFT_STANDARD_LIBRARIES = YES;
				BUNDLE_LOADER = "$(TEST_HOST)";
				CODE_SIGN_STYLE = Automatic;
				CURRENT_PROJECT_VERSION = 1;
				GENERATE_INFOPLIST_FILE = YES;
				IPHONEOS_DEPLOYMENT_TARGET = 16.4;
				MARKETING_VERSION = 1.0;
				PRODUCT_BUNDLE_IDENTIFIER = vn.edu.rmit.DoubleDashTests;
				PRODUCT_NAME = "$(TARGET_NAME)";
				SWIFT_EMIT_LOC_STRINGS = NO;
				SWIFT_VERSION = 5.0;
				TARGETED_DEVICE_FAMILY = "1,2";
				TEST_HOST = "$(BUILT_PRODUCTS_DIR)/DoubleDash.app/$(BUNDLE_EXECUTABLE_FOLDER_PATH)/DoubleDash";
			};
			name = Debug;
		};
		F78BFD882A9DFF8A002DA3F5 /* Release */ = {
			isa = XCBuildConfiguration;
			buildSettings = {
				ALWAYS_EMBED_SWIFT_STANDARD_LIBRARIES = YES;
				BUNDLE_LOADER = "$(TEST_HOST)";
				CODE_SIGN_STYLE = Automatic;
				CURRENT_PROJECT_VERSION = 1;
				GENERATE_INFOPLIST_FILE = YES;
				IPHONEOS_DEPLOYMENT_TARGET = 16.4;
				MARKETING_VERSION = 1.0;
				PRODUCT_BUNDLE_IDENTIFIER = vn.edu.rmit.DoubleDashTests;
				PRODUCT_NAME = "$(TARGET_NAME)";
				SWIFT_EMIT_LOC_STRINGS = NO;
				SWIFT_VERSION = 5.0;
				TARGETED_DEVICE_FAMILY = "1,2";
				TEST_HOST = "$(BUILT_PRODUCTS_DIR)/DoubleDash.app/$(BUNDLE_EXECUTABLE_FOLDER_PATH)/DoubleDash";
			};
			name = Release;
		};
		F78BFD8A2A9DFF8A002DA3F5 /* Debug */ = {
			isa = XCBuildConfiguration;
			buildSettings = {
				ALWAYS_EMBED_SWIFT_STANDARD_LIBRARIES = YES;
				CODE_SIGN_STYLE = Automatic;
				CURRENT_PROJECT_VERSION = 1;
				GENERATE_INFOPLIST_FILE = YES;
				MARKETING_VERSION = 1.0;
				PRODUCT_BUNDLE_IDENTIFIER = vn.edu.rmit.DoubleDashUITests;
				PRODUCT_NAME = "$(TARGET_NAME)";
				SWIFT_EMIT_LOC_STRINGS = NO;
				SWIFT_VERSION = 5.0;
				TARGETED_DEVICE_FAMILY = "1,2";
				TEST_TARGET_NAME = DoubleDash;
			};
			name = Debug;
		};
		F78BFD8B2A9DFF8A002DA3F5 /* Release */ = {
			isa = XCBuildConfiguration;
			buildSettings = {
				ALWAYS_EMBED_SWIFT_STANDARD_LIBRARIES = YES;
				CODE_SIGN_STYLE = Automatic;
				CURRENT_PROJECT_VERSION = 1;
				GENERATE_INFOPLIST_FILE = YES;
				MARKETING_VERSION = 1.0;
				PRODUCT_BUNDLE_IDENTIFIER = vn.edu.rmit.DoubleDashUITests;
				PRODUCT_NAME = "$(TARGET_NAME)";
				SWIFT_EMIT_LOC_STRINGS = NO;
				SWIFT_VERSION = 5.0;
				TARGETED_DEVICE_FAMILY = "1,2";
				TEST_TARGET_NAME = DoubleDash;
			};
			name = Release;
		};
/* End XCBuildConfiguration section */

/* Begin XCConfigurationList section */
		F78BFD5A2A9DFF86002DA3F5 /* Build configuration list for PBXProject "DoubleDash" */ = {
			isa = XCConfigurationList;
			buildConfigurations = (
				F78BFD812A9DFF8A002DA3F5 /* Debug */,
				F78BFD822A9DFF8A002DA3F5 /* Release */,
			);
			defaultConfigurationIsVisible = 0;
			defaultConfigurationName = Release;
		};
		F78BFD832A9DFF8A002DA3F5 /* Build configuration list for PBXNativeTarget "DoubleDash" */ = {
			isa = XCConfigurationList;
			buildConfigurations = (
				F78BFD842A9DFF8A002DA3F5 /* Debug */,
				F78BFD852A9DFF8A002DA3F5 /* Release */,
			);
			defaultConfigurationIsVisible = 0;
			defaultConfigurationName = Release;
		};
		F78BFD862A9DFF8A002DA3F5 /* Build configuration list for PBXNativeTarget "DoubleDashTests" */ = {
			isa = XCConfigurationList;
			buildConfigurations = (
				F78BFD872A9DFF8A002DA3F5 /* Debug */,
				F78BFD882A9DFF8A002DA3F5 /* Release */,
			);
			defaultConfigurationIsVisible = 0;
			defaultConfigurationName = Release;
		};
		F78BFD892A9DFF8A002DA3F5 /* Build configuration list for PBXNativeTarget "DoubleDashUITests" */ = {
			isa = XCConfigurationList;
			buildConfigurations = (
				F78BFD8A2A9DFF8A002DA3F5 /* Debug */,
				F78BFD8B2A9DFF8A002DA3F5 /* Release */,
			);
			defaultConfigurationIsVisible = 0;
			defaultConfigurationName = Release;
		};
/* End XCConfigurationList section */

/* Begin XCRemoteSwiftPackageReference section */
		F78F3C002AA492380061E3B8 /* XCRemoteSwiftPackageReference "ChartView" */ = {
			isa = XCRemoteSwiftPackageReference;
			repositoryURL = "https://github.com/AppPear/ChartView";
			requirement = {
				kind = upToNextMajorVersion;
				minimumVersion = 1.0.0;
			};
		};
/* End XCRemoteSwiftPackageReference section */

/* Begin XCSwiftPackageProductDependency section */
		F78F3C012AA492380061E3B8 /* SwiftUICharts */ = {
			isa = XCSwiftPackageProductDependency;
			package = F78F3C002AA492380061E3B8 /* XCRemoteSwiftPackageReference "ChartView" */;
			productName = SwiftUICharts;
		};
/* End XCSwiftPackageProductDependency section */
	};
	rootObject = F78BFD572A9DFF86002DA3F5 /* Project object */;
}
